// !$*UTF8*$!
{
	archiveVersion = 1;
	classes = {
	};
	objectVersion = 55;
	objects = {

/* Begin PBXBuildFile section */
		B1EAF7AA2876B084009D9842 /* Tests_iOS.swift in Sources */ = {isa = PBXBuildFile; fileRef = B1EAF7A92876B084009D9842 /* Tests_iOS.swift */; };
		B1EAF7AC2876B084009D9842 /* Tests_iOSLaunchTests.swift in Sources */ = {isa = PBXBuildFile; fileRef = B1EAF7AB2876B084009D9842 /* Tests_iOSLaunchTests.swift */; };
		B1EAF7B62876B084009D9842 /* Tests_macOS.swift in Sources */ = {isa = PBXBuildFile; fileRef = B1EAF7B52876B084009D9842 /* Tests_macOS.swift */; };
		B1EAF7B82876B084009D9842 /* Tests_macOSLaunchTests.swift in Sources */ = {isa = PBXBuildFile; fileRef = B1EAF7B72876B084009D9842 /* Tests_macOSLaunchTests.swift */; };
		B1EAF7B92876B084009D9842 /* cicd_iosApp.swift in Sources */ = {isa = PBXBuildFile; fileRef = B1EAF7912876B082009D9842 /* cicd_iosApp.swift */; };
		B1EAF7BA2876B084009D9842 /* cicd_iosApp.swift in Sources */ = {isa = PBXBuildFile; fileRef = B1EAF7912876B082009D9842 /* cicd_iosApp.swift */; };
		B1EAF7BB2876B084009D9842 /* ContentView.swift in Sources */ = {isa = PBXBuildFile; fileRef = B1EAF7922876B082009D9842 /* ContentView.swift */; };
		B1EAF7BC2876B084009D9842 /* ContentView.swift in Sources */ = {isa = PBXBuildFile; fileRef = B1EAF7922876B082009D9842 /* ContentView.swift */; };
		B1EAF7BD2876B084009D9842 /* Assets.xcassets in Resources */ = {isa = PBXBuildFile; fileRef = B1EAF7932876B084009D9842 /* Assets.xcassets */; };
		B1EAF7BE2876B084009D9842 /* Assets.xcassets in Resources */ = {isa = PBXBuildFile; fileRef = B1EAF7932876B084009D9842 /* Assets.xcassets */; };
/* End PBXBuildFile section */

/* Begin PBXContainerItemProxy section */
		B1EAF7A62876B084009D9842 /* PBXContainerItemProxy */ = {
			isa = PBXContainerItemProxy;
			containerPortal = B1EAF78C2876B082009D9842 /* Project object */;
			proxyType = 1;
			remoteGlobalIDString = B1EAF7972876B084009D9842;
			remoteInfo = "cicd-ios (iOS)";
		};
		B1EAF7B22876B084009D9842 /* PBXContainerItemProxy */ = {
			isa = PBXContainerItemProxy;
			containerPortal = B1EAF78C2876B082009D9842 /* Project object */;
			proxyType = 1;
			remoteGlobalIDString = B1EAF79D2876B084009D9842;
			remoteInfo = "cicd-ios (macOS)";
		};
/* End PBXContainerItemProxy section */

/* Begin PBXFileReference section */
		B1EAF7912876B082009D9842 /* cicd_iosApp.swift */ = {isa = PBXFileReference; lastKnownFileType = sourcecode.swift; path = cicd_iosApp.swift; sourceTree = "<group>"; };
		B1EAF7922876B082009D9842 /* ContentView.swift */ = {isa = PBXFileReference; lastKnownFileType = sourcecode.swift; path = ContentView.swift; sourceTree = "<group>"; };
		B1EAF7932876B084009D9842 /* Assets.xcassets */ = {isa = PBXFileReference; lastKnownFileType = folder.assetcatalog; path = Assets.xcassets; sourceTree = "<group>"; };
		B1EAF7982876B084009D9842 /* cicd-ios.app */ = {isa = PBXFileReference; explicitFileType = wrapper.application; includeInIndex = 0; path = "cicd-ios.app"; sourceTree = BUILT_PRODUCTS_DIR; };
		B1EAF79E2876B084009D9842 /* cicd-ios.app */ = {isa = PBXFileReference; explicitFileType = wrapper.application; includeInIndex = 0; path = "cicd-ios.app"; sourceTree = BUILT_PRODUCTS_DIR; };
		B1EAF7A02876B084009D9842 /* macOS.entitlements */ = {isa = PBXFileReference; lastKnownFileType = text.plist.entitlements; path = macOS.entitlements; sourceTree = "<group>"; };
		B1EAF7A52876B084009D9842 /* Tests iOS.xctest */ = {isa = PBXFileReference; explicitFileType = wrapper.cfbundle; includeInIndex = 0; path = "Tests iOS.xctest"; sourceTree = BUILT_PRODUCTS_DIR; };
		B1EAF7A92876B084009D9842 /* Tests_iOS.swift */ = {isa = PBXFileReference; lastKnownFileType = sourcecode.swift; path = Tests_iOS.swift; sourceTree = "<group>"; };
		B1EAF7AB2876B084009D9842 /* Tests_iOSLaunchTests.swift */ = {isa = PBXFileReference; lastKnownFileType = sourcecode.swift; path = Tests_iOSLaunchTests.swift; sourceTree = "<group>"; };
		B1EAF7B12876B084009D9842 /* Tests macOS.xctest */ = {isa = PBXFileReference; explicitFileType = wrapper.cfbundle; includeInIndex = 0; path = "Tests macOS.xctest"; sourceTree = BUILT_PRODUCTS_DIR; };
		B1EAF7B52876B084009D9842 /* Tests_macOS.swift */ = {isa = PBXFileReference; lastKnownFileType = sourcecode.swift; path = Tests_macOS.swift; sourceTree = "<group>"; };
		B1EAF7B72876B084009D9842 /* Tests_macOSLaunchTests.swift */ = {isa = PBXFileReference; lastKnownFileType = sourcecode.swift; path = Tests_macOSLaunchTests.swift; sourceTree = "<group>"; };
/* End PBXFileReference section */

/* Begin PBXFrameworksBuildPhase section */
		B1EAF7952876B084009D9842 /* Frameworks */ = {
			isa = PBXFrameworksBuildPhase;
			buildActionMask = 2147483647;
			files = (
			);
			runOnlyForDeploymentPostprocessing = 0;
		};
		B1EAF79B2876B084009D9842 /* Frameworks */ = {
			isa = PBXFrameworksBuildPhase;
			buildActionMask = 2147483647;
			files = (
			);
			runOnlyForDeploymentPostprocessing = 0;
		};
		B1EAF7A22876B084009D9842 /* Frameworks */ = {
			isa = PBXFrameworksBuildPhase;
			buildActionMask = 2147483647;
			files = (
			);
			runOnlyForDeploymentPostprocessing = 0;
		};
		B1EAF7AE2876B084009D9842 /* Frameworks */ = {
			isa = PBXFrameworksBuildPhase;
			buildActionMask = 2147483647;
			files = (
			);
			runOnlyForDeploymentPostprocessing = 0;
		};
/* End PBXFrameworksBuildPhase section */

/* Begin PBXGroup section */
		B1EAF78B2876B082009D9842 = {
			isa = PBXGroup;
			children = (
				B1EAF7902876B082009D9842 /* Shared */,
				B1EAF79F2876B084009D9842 /* macOS */,
				B1EAF7A82876B084009D9842 /* Tests iOS */,
				B1EAF7B42876B084009D9842 /* Tests macOS */,
				B1EAF7992876B084009D9842 /* Products */,
			);
			sourceTree = "<group>";
		};
		B1EAF7902876B082009D9842 /* Shared */ = {
			isa = PBXGroup;
			children = (
				B1EAF7912876B082009D9842 /* cicd_iosApp.swift */,
				B1EAF7922876B082009D9842 /* ContentView.swift */,
				B1EAF7932876B084009D9842 /* Assets.xcassets */,
			);
			path = Shared;
			sourceTree = "<group>";
		};
		B1EAF7992876B084009D9842 /* Products */ = {
			isa = PBXGroup;
			children = (
				B1EAF7982876B084009D9842 /* cicd-ios.app */,
				B1EAF79E2876B084009D9842 /* cicd-ios.app */,
				B1EAF7A52876B084009D9842 /* Tests iOS.xctest */,
				B1EAF7B12876B084009D9842 /* Tests macOS.xctest */,
			);
			name = Products;
			sourceTree = "<group>";
		};
		B1EAF79F2876B084009D9842 /* macOS */ = {
			isa = PBXGroup;
			children = (
				B1EAF7A02876B084009D9842 /* macOS.entitlements */,
			);
			path = macOS;
			sourceTree = "<group>";
		};
		B1EAF7A82876B084009D9842 /* Tests iOS */ = {
			isa = PBXGroup;
			children = (
				B1EAF7A92876B084009D9842 /* Tests_iOS.swift */,
				B1EAF7AB2876B084009D9842 /* Tests_iOSLaunchTests.swift */,
			);
			path = "Tests iOS";
			sourceTree = "<group>";
		};
		B1EAF7B42876B084009D9842 /* Tests macOS */ = {
			isa = PBXGroup;
			children = (
				B1EAF7B52876B084009D9842 /* Tests_macOS.swift */,
				B1EAF7B72876B084009D9842 /* Tests_macOSLaunchTests.swift */,
			);
			path = "Tests macOS";
			sourceTree = "<group>";
		};
/* End PBXGroup section */

/* Begin PBXNativeTarget section */
		B1EAF7972876B084009D9842 /* cicd-ios (iOS) */ = {
			isa = PBXNativeTarget;
			buildConfigurationList = B1EAF7C12876B084009D9842 /* Build configuration list for PBXNativeTarget "cicd-ios (iOS)" */;
			buildPhases = (
				B1EAF7942876B084009D9842 /* Sources */,
				B1EAF7952876B084009D9842 /* Frameworks */,
				B1EAF7962876B084009D9842 /* Resources */,
			);
			buildRules = (
			);
			dependencies = (
			);
			name = "cicd-ios (iOS)";
			productName = "cicd-ios (iOS)";
			productReference = B1EAF7982876B084009D9842 /* cicd-ios.app */;
			productType = "com.apple.product-type.application";
		};
		B1EAF79D2876B084009D9842 /* cicd-ios (macOS) */ = {
			isa = PBXNativeTarget;
			buildConfigurationList = B1EAF7C42876B084009D9842 /* Build configuration list for PBXNativeTarget "cicd-ios (macOS)" */;
			buildPhases = (
				B1EAF79A2876B084009D9842 /* Sources */,
				B1EAF79B2876B084009D9842 /* Frameworks */,
				B1EAF79C2876B084009D9842 /* Resources */,
			);
			buildRules = (
			);
			dependencies = (
			);
			name = "cicd-ios (macOS)";
			productName = "cicd-ios (macOS)";
			productReference = B1EAF79E2876B084009D9842 /* cicd-ios.app */;
			productType = "com.apple.product-type.application";
		};
		B1EAF7A42876B084009D9842 /* Tests iOS */ = {
			isa = PBXNativeTarget;
			buildConfigurationList = B1EAF7C72876B084009D9842 /* Build configuration list for PBXNativeTarget "Tests iOS" */;
			buildPhases = (
				B1EAF7A12876B084009D9842 /* Sources */,
				B1EAF7A22876B084009D9842 /* Frameworks */,
				B1EAF7A32876B084009D9842 /* Resources */,
			);
			buildRules = (
			);
			dependencies = (
				B1EAF7A72876B084009D9842 /* PBXTargetDependency */,
			);
			name = "Tests iOS";
			productName = "Tests iOS";
			productReference = B1EAF7A52876B084009D9842 /* Tests iOS.xctest */;
			productType = "com.apple.product-type.bundle.ui-testing";
		};
		B1EAF7B02876B084009D9842 /* Tests macOS */ = {
			isa = PBXNativeTarget;
			buildConfigurationList = B1EAF7CA2876B084009D9842 /* Build configuration list for PBXNativeTarget "Tests macOS" */;
			buildPhases = (
				B1EAF7AD2876B084009D9842 /* Sources */,
				B1EAF7AE2876B084009D9842 /* Frameworks */,
				B1EAF7AF2876B084009D9842 /* Resources */,
			);
			buildRules = (
			);
			dependencies = (
				B1EAF7B32876B084009D9842 /* PBXTargetDependency */,
			);
			name = "Tests macOS";
			productName = "Tests macOS";
			productReference = B1EAF7B12876B084009D9842 /* Tests macOS.xctest */;
			productType = "com.apple.product-type.bundle.ui-testing";
		};
/* End PBXNativeTarget section */

/* Begin PBXProject section */
		B1EAF78C2876B082009D9842 /* Project object */ = {
			isa = PBXProject;
			attributes = {
				BuildIndependentTargetsInParallel = 1;
				LastSwiftUpdateCheck = 1330;
				LastUpgradeCheck = 1330;
				TargetAttributes = {
					B1EAF7972876B084009D9842 = {
						CreatedOnToolsVersion = 13.3;
					};
					B1EAF79D2876B084009D9842 = {
						CreatedOnToolsVersion = 13.3;
					};
					B1EAF7A42876B084009D9842 = {
						CreatedOnToolsVersion = 13.3;
						TestTargetID = B1EAF7972876B084009D9842;
					};
					B1EAF7B02876B084009D9842 = {
						CreatedOnToolsVersion = 13.3;
						TestTargetID = B1EAF79D2876B084009D9842;
					};
				};
			};
			buildConfigurationList = B1EAF78F2876B082009D9842 /* Build configuration list for PBXProject "cicd-ios" */;
			compatibilityVersion = "Xcode 13.0";
			developmentRegion = en;
			hasScannedForEncodings = 0;
			knownRegions = (
				en,
				Base,
			);
			mainGroup = B1EAF78B2876B082009D9842;
			productRefGroup = B1EAF7992876B084009D9842 /* Products */;
			projectDirPath = "";
			projectRoot = "";
			targets = (
				B1EAF7972876B084009D9842 /* cicd-ios (iOS) */,
				B1EAF79D2876B084009D9842 /* cicd-ios (macOS) */,
				B1EAF7A42876B084009D9842 /* Tests iOS */,
				B1EAF7B02876B084009D9842 /* Tests macOS */,
			);
		};
/* End PBXProject section */

/* Begin PBXResourcesBuildPhase section */
		B1EAF7962876B084009D9842 /* Resources */ = {
			isa = PBXResourcesBuildPhase;
			buildActionMask = 2147483647;
			files = (
				B1EAF7BD2876B084009D9842 /* Assets.xcassets in Resources */,
			);
			runOnlyForDeploymentPostprocessing = 0;
		};
		B1EAF79C2876B084009D9842 /* Resources */ = {
			isa = PBXResourcesBuildPhase;
			buildActionMask = 2147483647;
			files = (
				B1EAF7BE2876B084009D9842 /* Assets.xcassets in Resources */,
			);
			runOnlyForDeploymentPostprocessing = 0;
		};
		B1EAF7A32876B084009D9842 /* Resources */ = {
			isa = PBXResourcesBuildPhase;
			buildActionMask = 2147483647;
			files = (
			);
			runOnlyForDeploymentPostprocessing = 0;
		};
		B1EAF7AF2876B084009D9842 /* Resources */ = {
			isa = PBXResourcesBuildPhase;
			buildActionMask = 2147483647;
			files = (
			);
			runOnlyForDeploymentPostprocessing = 0;
		};
/* End PBXResourcesBuildPhase section */

/* Begin PBXSourcesBuildPhase section */
		B1EAF7942876B084009D9842 /* Sources */ = {
			isa = PBXSourcesBuildPhase;
			buildActionMask = 2147483647;
			files = (
				B1EAF7BB2876B084009D9842 /* ContentView.swift in Sources */,
				B1EAF7B92876B084009D9842 /* cicd_iosApp.swift in Sources */,
			);
			runOnlyForDeploymentPostprocessing = 0;
		};
		B1EAF79A2876B084009D9842 /* Sources */ = {
			isa = PBXSourcesBuildPhase;
			buildActionMask = 2147483647;
			files = (
				B1EAF7BC2876B084009D9842 /* ContentView.swift in Sources */,
				B1EAF7BA2876B084009D9842 /* cicd_iosApp.swift in Sources */,
			);
			runOnlyForDeploymentPostprocessing = 0;
		};
		B1EAF7A12876B084009D9842 /* Sources */ = {
			isa = PBXSourcesBuildPhase;
			buildActionMask = 2147483647;
			files = (
				B1EAF7AC2876B084009D9842 /* Tests_iOSLaunchTests.swift in Sources */,
				B1EAF7AA2876B084009D9842 /* Tests_iOS.swift in Sources */,
			);
			runOnlyForDeploymentPostprocessing = 0;
		};
		B1EAF7AD2876B084009D9842 /* Sources */ = {
			isa = PBXSourcesBuildPhase;
			buildActionMask = 2147483647;
			files = (
				B1EAF7B82876B084009D9842 /* Tests_macOSLaunchTests.swift in Sources */,
				B1EAF7B62876B084009D9842 /* Tests_macOS.swift in Sources */,
			);
			runOnlyForDeploymentPostprocessing = 0;
		};
/* End PBXSourcesBuildPhase section */

/* Begin PBXTargetDependency section */
		B1EAF7A72876B084009D9842 /* PBXTargetDependency */ = {
			isa = PBXTargetDependency;
			target = B1EAF7972876B084009D9842 /* cicd-ios (iOS) */;
			targetProxy = B1EAF7A62876B084009D9842 /* PBXContainerItemProxy */;
		};
		B1EAF7B32876B084009D9842 /* PBXTargetDependency */ = {
			isa = PBXTargetDependency;
			target = B1EAF79D2876B084009D9842 /* cicd-ios (macOS) */;
			targetProxy = B1EAF7B22876B084009D9842 /* PBXContainerItemProxy */;
		};
/* End PBXTargetDependency section */

/* Begin XCBuildConfiguration section */
		B1EAF7BF2876B084009D9842 /* Debug */ = {
			isa = XCBuildConfiguration;
			buildSettings = {
				ALWAYS_SEARCH_USER_PATHS = NO;
				CLANG_ANALYZER_NONNULL = YES;
				CLANG_ANALYZER_NUMBER_OBJECT_CONVERSION = YES_AGGRESSIVE;
				CLANG_CXX_LANGUAGE_STANDARD = "gnu++17";
				CLANG_ENABLE_MODULES = YES;
				CLANG_ENABLE_OBJC_ARC = YES;
				CLANG_ENABLE_OBJC_WEAK = YES;
				CLANG_WARN_BLOCK_CAPTURE_AUTORELEASING = YES;
				CLANG_WARN_BOOL_CONVERSION = YES;
				CLANG_WARN_COMMA = YES;
				CLANG_WARN_CONSTANT_CONVERSION = YES;
				CLANG_WARN_DEPRECATED_OBJC_IMPLEMENTATIONS = YES;
				CLANG_WARN_DIRECT_OBJC_ISA_USAGE = YES_ERROR;
				CLANG_WARN_DOCUMENTATION_COMMENTS = YES;
				CLANG_WARN_EMPTY_BODY = YES;
				CLANG_WARN_ENUM_CONVERSION = YES;
				CLANG_WARN_INFINITE_RECURSION = YES;
				CLANG_WARN_INT_CONVERSION = YES;
				CLANG_WARN_NON_LITERAL_NULL_CONVERSION = YES;
				CLANG_WARN_OBJC_IMPLICIT_RETAIN_SELF = YES;
				CLANG_WARN_OBJC_LITERAL_CONVERSION = YES;
				CLANG_WARN_OBJC_ROOT_CLASS = YES_ERROR;
				CLANG_WARN_QUOTED_INCLUDE_IN_FRAMEWORK_HEADER = YES;
				CLANG_WARN_RANGE_LOOP_ANALYSIS = YES;
				CLANG_WARN_STRICT_PROTOTYPES = YES;
				CLANG_WARN_SUSPICIOUS_MOVE = YES;
				CLANG_WARN_UNGUARDED_AVAILABILITY = YES_AGGRESSIVE;
				CLANG_WARN_UNREACHABLE_CODE = YES;
				CLANG_WARN__DUPLICATE_METHOD_MATCH = YES;
				COPY_PHASE_STRIP = NO;
				DEBUG_INFORMATION_FORMAT = dwarf;
				ENABLE_STRICT_OBJC_MSGSEND = YES;
				ENABLE_TESTABILITY = YES;
				GCC_C_LANGUAGE_STANDARD = gnu11;
				GCC_DYNAMIC_NO_PIC = NO;
				GCC_NO_COMMON_BLOCKS = YES;
				GCC_OPTIMIZATION_LEVEL = 0;
				GCC_PREPROCESSOR_DEFINITIONS = (
					"DEBUG=1",
					"$(inherited)",
				);
				GCC_WARN_64_TO_32_BIT_CONVERSION = YES;
				GCC_WARN_ABOUT_RETURN_TYPE = YES_ERROR;
				GCC_WARN_UNDECLARED_SELECTOR = YES;
				GCC_WARN_UNINITIALIZED_AUTOS = YES_AGGRESSIVE;
				GCC_WARN_UNUSED_FUNCTION = YES;
				GCC_WARN_UNUSED_VARIABLE = YES;
				MTL_ENABLE_DEBUG_INFO = INCLUDE_SOURCE;
				MTL_FAST_MATH = YES;
				ONLY_ACTIVE_ARCH = YES;
				SWIFT_ACTIVE_COMPILATION_CONDITIONS = DEBUG;
				SWIFT_OPTIMIZATION_LEVEL = "-Onone";
			};
			name = Debug;
		};
		B1EAF7C02876B084009D9842 /* Release */ = {
			isa = XCBuildConfiguration;
			buildSettings = {
				ALWAYS_SEARCH_USER_PATHS = NO;
				CLANG_ANALYZER_NONNULL = YES;
				CLANG_ANALYZER_NUMBER_OBJECT_CONVERSION = YES_AGGRESSIVE;
				CLANG_CXX_LANGUAGE_STANDARD = "gnu++17";
				CLANG_ENABLE_MODULES = YES;
				CLANG_ENABLE_OBJC_ARC = YES;
				CLANG_ENABLE_OBJC_WEAK = YES;
				CLANG_WARN_BLOCK_CAPTURE_AUTORELEASING = YES;
				CLANG_WARN_BOOL_CONVERSION = YES;
				CLANG_WARN_COMMA = YES;
				CLANG_WARN_CONSTANT_CONVERSION = YES;
				CLANG_WARN_DEPRECATED_OBJC_IMPLEMENTATIONS = YES;
				CLANG_WARN_DIRECT_OBJC_ISA_USAGE = YES_ERROR;
				CLANG_WARN_DOCUMENTATION_COMMENTS = YES;
				CLANG_WARN_EMPTY_BODY = YES;
				CLANG_WARN_ENUM_CONVERSION = YES;
				CLANG_WARN_INFINITE_RECURSION = YES;
				CLANG_WARN_INT_CONVERSION = YES;
				CLANG_WARN_NON_LITERAL_NULL_CONVERSION = YES;
				CLANG_WARN_OBJC_IMPLICIT_RETAIN_SELF = YES;
				CLANG_WARN_OBJC_LITERAL_CONVERSION = YES;
				CLANG_WARN_OBJC_ROOT_CLASS = YES_ERROR;
				CLANG_WARN_QUOTED_INCLUDE_IN_FRAMEWORK_HEADER = YES;
				CLANG_WARN_RANGE_LOOP_ANALYSIS = YES;
				CLANG_WARN_STRICT_PROTOTYPES = YES;
				CLANG_WARN_SUSPICIOUS_MOVE = YES;
				CLANG_WARN_UNGUARDED_AVAILABILITY = YES_AGGRESSIVE;
				CLANG_WARN_UNREACHABLE_CODE = YES;
				CLANG_WARN__DUPLICATE_METHOD_MATCH = YES;
				COPY_PHASE_STRIP = NO;
				DEBUG_INFORMATION_FORMAT = "dwarf-with-dsym";
				ENABLE_NS_ASSERTIONS = NO;
				ENABLE_STRICT_OBJC_MSGSEND = YES;
				GCC_C_LANGUAGE_STANDARD = gnu11;
				GCC_NO_COMMON_BLOCKS = YES;
				GCC_WARN_64_TO_32_BIT_CONVERSION = YES;
				GCC_WARN_ABOUT_RETURN_TYPE = YES_ERROR;
				GCC_WARN_UNDECLARED_SELECTOR = YES;
				GCC_WARN_UNINITIALIZED_AUTOS = YES_AGGRESSIVE;
				GCC_WARN_UNUSED_FUNCTION = YES;
				GCC_WARN_UNUSED_VARIABLE = YES;
				MTL_ENABLE_DEBUG_INFO = NO;
				MTL_FAST_MATH = YES;
				SWIFT_COMPILATION_MODE = wholemodule;
				SWIFT_OPTIMIZATION_LEVEL = "-O";
			};
			name = Release;
		};
		B1EAF7C22876B084009D9842 /* Debug */ = {
			isa = XCBuildConfiguration;
			buildSettings = {
				ASSETCATALOG_COMPILER_APPICON_NAME = AppIcon;
				ASSETCATALOG_COMPILER_GLOBAL_ACCENT_COLOR_NAME = AccentColor;
				CODE_SIGN_STYLE = Automatic;
				CURRENT_PROJECT_VERSION = 1;
				DEVELOPMENT_TEAM = Y2LV7QFN9B;
				ENABLE_PREVIEWS = YES;
				GENERATE_INFOPLIST_FILE = YES;
				INFOPLIST_KEY_UIApplicationSceneManifest_Generation = YES;
				INFOPLIST_KEY_UIApplicationSupportsIndirectInputEvents = YES;
				INFOPLIST_KEY_UILaunchScreen_Generation = YES;
				INFOPLIST_KEY_UISupportedInterfaceOrientations_iPad = "UIInterfaceOrientationPortrait UIInterfaceOrientationPortraitUpsideDown UIInterfaceOrientationLandscapeLeft UIInterfaceOrientationLandscapeRight";
				INFOPLIST_KEY_UISupportedInterfaceOrientations_iPhone = "UIInterfaceOrientationPortrait UIInterfaceOrientationLandscapeLeft UIInterfaceOrientationLandscapeRight";
				IPHONEOS_DEPLOYMENT_TARGET = 15.4;
				LD_RUNPATH_SEARCH_PATHS = (
					"$(inherited)",
					"@executable_path/Frameworks",
				);
				MARKETING_VERSION = 1.0;
				PRODUCT_BUNDLE_IDENTIFIER = "com.jhk.cicd-ios";
				PRODUCT_NAME = "cicd-ios";
				SDKROOT = iphoneos;
				SWIFT_EMIT_LOC_STRINGS = YES;
				SWIFT_VERSION = 5.0;
				TARGETED_DEVICE_FAMILY = "1,2";
			};
			name = Debug;
		};
		B1EAF7C32876B084009D9842 /* Release */ = {
			isa = XCBuildConfiguration;
			buildSettings = {
				ASSETCATALOG_COMPILER_APPICON_NAME = AppIcon;
				ASSETCATALOG_COMPILER_GLOBAL_ACCENT_COLOR_NAME = AccentColor;
				CODE_SIGN_STYLE = Automatic;
				CURRENT_PROJECT_VERSION = 1;
				DEVELOPMENT_TEAM = Y2LV7QFN9B;
				ENABLE_PREVIEWS = YES;
				GENERATE_INFOPLIST_FILE = YES;
				INFOPLIST_KEY_UIApplicationSceneManifest_Generation = YES;
				INFOPLIST_KEY_UIApplicationSupportsIndirectInputEvents = YES;
				INFOPLIST_KEY_UILaunchScreen_Generation = YES;
				INFOPLIST_KEY_UISupportedInterfaceOrientations_iPad = "UIInterfaceOrientationPortrait UIInterfaceOrientationPortraitUpsideDown UIInterfaceOrientationLandscapeLeft UIInterfaceOrientationLandscapeRight";
				INFOPLIST_KEY_UISupportedInterfaceOrientations_iPhone = "UIInterfaceOrientationPortrait UIInterfaceOrientationLandscapeLeft UIInterfaceOrientationLandscapeRight";
				IPHONEOS_DEPLOYMENT_TARGET = 15.4;
				LD_RUNPATH_SEARCH_PATHS = (
					"$(inherited)",
					"@executable_path/Frameworks",
				);
				MARKETING_VERSION = 1.0;
				PRODUCT_BUNDLE_IDENTIFIER = "com.jhk.cicd-ios";
				PRODUCT_NAME = "cicd-ios";
				SDKROOT = iphoneos;
				SWIFT_EMIT_LOC_STRINGS = YES;
				SWIFT_VERSION = 5.0;
				TARGETED_DEVICE_FAMILY = "1,2";
				VALIDATE_PRODUCT = YES;
			};
			name = Release;
		};
		B1EAF7C52876B084009D9842 /* Debug */ = {
			isa = XCBuildConfiguration;
			buildSettings = {
				ASSETCATALOG_COMPILER_APPICON_NAME = AppIcon;
				ASSETCATALOG_COMPILER_GLOBAL_ACCENT_COLOR_NAME = AccentColor;
				CODE_SIGN_ENTITLEMENTS = macOS/macOS.entitlements;
				CODE_SIGN_STYLE = Automatic;
				COMBINE_HIDPI_IMAGES = YES;
				CURRENT_PROJECT_VERSION = 1;
				DEVELOPMENT_TEAM = Y2LV7QFN9B;
				ENABLE_HARDENED_RUNTIME = YES;
				ENABLE_PREVIEWS = YES;
				GENERATE_INFOPLIST_FILE = YES;
				INFOPLIST_KEY_NSHumanReadableCopyright = "";
				LD_RUNPATH_SEARCH_PATHS = (
					"$(inherited)",
					"@executable_path/../Frameworks",
				);
				MACOSX_DEPLOYMENT_TARGET = 12.3;
				MARKETING_VERSION = 1.0;
				PRODUCT_BUNDLE_IDENTIFIER = "com.jhk.cicd-ios";
				PRODUCT_NAME = "cicd-ios";
				SDKROOT = macosx;
				SWIFT_EMIT_LOC_STRINGS = YES;
				SWIFT_VERSION = 5.0;
			};
			name = Debug;
		};
		B1EAF7C62876B084009D9842 /* Release */ = {
			isa = XCBuildConfiguration;
			buildSettings = {
				ASSETCATALOG_COMPILER_APPICON_NAME = AppIcon;
				ASSETCATALOG_COMPILER_GLOBAL_ACCENT_COLOR_NAME = AccentColor;
				CODE_SIGN_ENTITLEMENTS = macOS/macOS.entitlements;
				CODE_SIGN_STYLE = Automatic;
				COMBINE_HIDPI_IMAGES = YES;
				CURRENT_PROJECT_VERSION = 1;
				DEVELOPMENT_TEAM = Y2LV7QFN9B;
				ENABLE_HARDENED_RUNTIME = YES;
				ENABLE_PREVIEWS = YES;
				GENERATE_INFOPLIST_FILE = YES;
				INFOPLIST_KEY_NSHumanReadableCopyright = "";
				LD_RUNPATH_SEARCH_PATHS = (
					"$(inherited)",
					"@executable_path/../Frameworks",
				);
				MACOSX_DEPLOYMENT_TARGET = 12.3;
				MARKETING_VERSION = 1.0;
				PRODUCT_BUNDLE_IDENTIFIER = "com.jhk.cicd-ios";
				PRODUCT_NAME = "cicd-ios";
				SDKROOT = macosx;
				SWIFT_EMIT_LOC_STRINGS = YES;
				SWIFT_VERSION = 5.0;
			};
			name = Release;
		};
		B1EAF7C82876B084009D9842 /* Debug */ = {
			isa = XCBuildConfiguration;
			buildSettings = {
				ALWAYS_EMBED_SWIFT_STANDARD_LIBRARIES = YES;
				CODE_SIGN_STYLE = Automatic;
				CURRENT_PROJECT_VERSION = 1;
				DEVELOPMENT_TEAM = Y2LV7QFN9B;
				GENERATE_INFOPLIST_FILE = YES;
				IPHONEOS_DEPLOYMENT_TARGET = 15.4;
				MARKETING_VERSION = 1.0;
				PRODUCT_BUNDLE_IDENTIFIER = "com.jhk.Tests-iOS";
				PRODUCT_NAME = "$(TARGET_NAME)";
				SDKROOT = iphoneos;
				SWIFT_EMIT_LOC_STRINGS = NO;
				SWIFT_VERSION = 5.0;
				TARGETED_DEVICE_FAMILY = "1,2";
				TEST_TARGET_NAME = "cicd-ios (iOS)";
			};
			name = Debug;
		};
		B1EAF7C92876B084009D9842 /* Release */ = {
			isa = XCBuildConfiguration;
			buildSettings = {
				ALWAYS_EMBED_SWIFT_STANDARD_LIBRARIES = YES;
				CODE_SIGN_STYLE = Automatic;
				CURRENT_PROJECT_VERSION = 1;
				DEVELOPMENT_TEAM = Y2LV7QFN9B;
				GENERATE_INFOPLIST_FILE = YES;
				IPHONEOS_DEPLOYMENT_TARGET = 15.4;
				MARKETING_VERSION = 1.0;
				PRODUCT_BUNDLE_IDENTIFIER = "com.jhk.Tests-iOS";
				PRODUCT_NAME = "$(TARGET_NAME)";
				SDKROOT = iphoneos;
				SWIFT_EMIT_LOC_STRINGS = NO;
				SWIFT_VERSION = 5.0;
				TARGETED_DEVICE_FAMILY = "1,2";
				TEST_TARGET_NAME = "cicd-ios (iOS)";
				VALIDATE_PRODUCT = YES;
			};
			name = Release;
		};
		B1EAF7CB2876B084009D9842 /* Debug */ = {
			isa = XCBuildConfiguration;
			buildSettings = {
				ALWAYS_EMBED_SWIFT_STANDARD_LIBRARIES = YES;
				CODE_SIGN_STYLE = Automatic;
				CURRENT_PROJECT_VERSION = 1;
				DEVELOPMENT_TEAM = Y2LV7QFN9B;
				GENERATE_INFOPLIST_FILE = YES;
				MACOSX_DEPLOYMENT_TARGET = 12.3;
				MARKETING_VERSION = 1.0;
				PRODUCT_BUNDLE_IDENTIFIER = "com.jhk.Tests-macOS";
				PRODUCT_NAME = "$(TARGET_NAME)";
				SDKROOT = macosx;
				SWIFT_EMIT_LOC_STRINGS = NO;
				SWIFT_VERSION = 5.0;
				TEST_TARGET_NAME = "cicd-ios (macOS)";
			};
			name = Debug;
		};
		B1EAF7CC2876B084009D9842 /* Release */ = {
			isa = XCBuildConfiguration;
			buildSettings = {
				ALWAYS_EMBED_SWIFT_STANDARD_LIBRARIES = YES;
				CODE_SIGN_STYLE = Automatic;
				CURRENT_PROJECT_VERSION = 1;
				DEVELOPMENT_TEAM = Y2LV7QFN9B;
				GENERATE_INFOPLIST_FILE = YES;
				MACOSX_DEPLOYMENT_TARGET = 12.3;
				MARKETING_VERSION = 1.0;
				PRODUCT_BUNDLE_IDENTIFIER = "com.jhk.Tests-macOS";
				PRODUCT_NAME = "$(TARGET_NAME)";
				SDKROOT = macosx;
				SWIFT_EMIT_LOC_STRINGS = NO;
				SWIFT_VERSION = 5.0;
				TEST_TARGET_NAME = "cicd-ios (macOS)";
			};
			name = Release;
		};
/* End XCBuildConfiguration section */

/* Begin XCConfigurationList section */
		B1EAF78F2876B082009D9842 /* Build configuration list for PBXProject "cicd-ios" */ = {
			isa = XCConfigurationList;
			buildConfigurations = (
				B1EAF7BF2876B084009D9842 /* Debug */,
				B1EAF7C02876B084009D9842 /* Release */,
			);
			defaultConfigurationIsVisible = 0;
			defaultConfigurationName = Release;
		};
		B1EAF7C12876B084009D9842 /* Build configuration list for PBXNativeTarget "cicd-ios (iOS)" */ = {
			isa = XCConfigurationList;
			buildConfigurations = (
				B1EAF7C22876B084009D9842 /* Debug */,
				B1EAF7C32876B084009D9842 /* Release */,
			);
			defaultConfigurationIsVisible = 0;
			defaultConfigurationName = Release;
		};
		B1EAF7C42876B084009D9842 /* Build configuration list for PBXNativeTarget "cicd-ios (macOS)" */ = {
			isa = XCConfigurationList;
			buildConfigurations = (
				B1EAF7C52876B084009D9842 /* Debug */,
				B1EAF7C62876B084009D9842 /* Release */,
			);
			defaultConfigurationIsVisible = 0;
			defaultConfigurationName = Release;
		};
		B1EAF7C72876B084009D9842 /* Build configuration list for PBXNativeTarget "Tests iOS" */ = {
			isa = XCConfigurationList;
			buildConfigurations = (
				B1EAF7C82876B084009D9842 /* Debug */,
				B1EAF7C92876B084009D9842 /* Release */,
			);
			defaultConfigurationIsVisible = 0;
			defaultConfigurationName = Release;
		};
		B1EAF7CA2876B084009D9842 /* Build configuration list for PBXNativeTarget "Tests macOS" */ = {
			isa = XCConfigurationList;
			buildConfigurations = (
				B1EAF7CB2876B084009D9842 /* Debug */,
				B1EAF7CC2876B084009D9842 /* Release */,
			);
			defaultConfigurationIsVisible = 0;
			defaultConfigurationName = Release;
		};
/* End XCConfigurationList section */
	};
	rootObject = B1EAF78C2876B082009D9842 /* Project object */;
}
